
Microsoft Visual Studio Solution File, Format Version 12.00
# Visual Studio Version 17
VisualStudioVersion = 17.9.34607.119
MinimumVisualStudioVersion = 10.0.40219.1
Project("{FAE04EC0-301F-11D3-BF4B-00C04F79EFBC}") = "Playocs", "Playocs\Playocs.csproj", "{F0BF4457-3930-46F3-80DC-3B4CE03E2EBB}"
EndProject
Global
	GlobalSection(SolutionConfigurationPlatforms) = preSolution
		Debug|Any CPU = Debug|Any CPU
		Release|Any CPU = Release|Any CPU
	EndGlobalSection
	GlobalSection(ProjectConfigurationPlatforms) = postSolution
		{F0BF4457-3930-46F3-80DC-3B4CE03E2EBB}.Debug|Any CPU.ActiveCfg = Debug|Any CPU
		{F0BF4457-3930-46F3-80DC-3B4CE03E2EBB}.Debug|Any CPU.Build.0 = Debug|Any CPU
		{F0BF4457-3930-46F3-80DC-3B4CE03E2EBB}.Release|Any CPU.ActiveCfg = Release|Any CPU
		{F0BF4457-3930-46F3-80DC-3B4CE03E2EBB}.Release|Any CPU.Build.0 = Release|Any CPU
	EndGlobalSection
	GlobalSection(SolutionProperties) = preSolution
		HideSolutionNode = FALSE
	EndGlobalSection
	GlobalSection(ExtensibilityGlobals) = postSolution
		SolutionGuid = {A32A299D-E05B-4325-BF3B-4D33AA414CBD}
	EndGlobalSection
EndGlobal
